
Microsoft Visual Studio Solution File, Format Version 12.00
# Visual Studio Version 17
VisualStudioVersion = 17.2.32616.157
MinimumVisualStudioVersion = 10.0.40219.1
Project("{9A19103F-16F7-4668-BE54-9A1E7A4F7556}") = "01. Unique Usernames", "01. Unique Usernames\01. Unique Usernames.csproj", "{C0AC3D9C-0AA0-4718-A5BC-0B08D212F31A}"
EndProject
Project("{9A19103F-16F7-4668-BE54-9A1E7A4F7556}") = "02. Sets of Elements", "02. Sets of Elements\02. Sets of Elements.csproj", "{AE258523-6EA8-4A5F-A02F-A7A9C51195E5}"
EndProject
Project("{9A19103F-16F7-4668-BE54-9A1E7A4F7556}") = "03. Periodic Table", "03. Periodic Table\03. Periodic Table.csproj", "{DF894661-332B-45FB-91F6-74B19A4722C6}"
EndProject
Project("{9A19103F-16F7-4668-BE54-9A1E7A4F7556}") = "04. Even Times", "04. Even Times\04. Even Times.csproj", "{D86A57E8-F723-4A7A-B8E6-7C6C589F541E}"
EndProject
Project("{9A19103F-16F7-4668-BE54-9A1E7A4F7556}") = "05. Count Symbols", "05. Count Symbols\05. Count Symbols.csproj", "{79B68625-10E5-48D0-9DA1-45A075835C80}"
EndProject
Project("{9A19103F-16F7-4668-BE54-9A1E7A4F7556}") = "06. Wardrobe", "06. Wardrobe\06. Wardrobe.csproj", "{A50052C6-B2D4-453E-A67B-6C927395A60C}"
EndProject
Project("{FAE04EC0-301F-11D3-BF4B-00C04F79EFBC}") = "07. The V-Logger", "07. The V-Logger\07. The V-Logger.csproj", "{A93DC2BC-DB2F-4575-8EFC-78591B914021}"
EndProject
Project("{FAE04EC0-301F-11D3-BF4B-00C04F79EFBC}") = "08. Ranking", "08. Ranking\08. Ranking.csproj", "{CF763375-B9D4-400C-8ABE-7982E9852B38}"
EndProject
Project("{FAE04EC0-301F-11D3-BF4B-00C04F79EFBC}") = "09. SoftUni Exam Results", "09. SoftUni Exam Results\09. SoftUni Exam Results.csproj", "{B9B65A9D-B314-4A40-B1A7-7F1D40C74C52}"
EndProject
Project("{FAE04EC0-301F-11D3-BF4B-00C04F79EFBC}") = "10. ForceBook", "10. ForceBook\10. ForceBook.csproj", "{369D22DE-0C82-4A64-8C41-F279FBCC7A82}"
EndProject
Global
	GlobalSection(SolutionConfigurationPlatforms) = preSolution
		Debug|Any CPU = Debug|Any CPU
		Release|Any CPU = Release|Any CPU
	EndGlobalSection
	GlobalSection(ProjectConfigurationPlatforms) = postSolution
		{C0AC3D9C-0AA0-4718-A5BC-0B08D212F31A}.Debug|Any CPU.ActiveCfg = Debug|Any CPU
		{C0AC3D9C-0AA0-4718-A5BC-0B08D212F31A}.Debug|Any CPU.Build.0 = Debug|Any CPU
		{C0AC3D9C-0AA0-4718-A5BC-0B08D212F31A}.Release|Any CPU.ActiveCfg = Release|Any CPU
		{C0AC3D9C-0AA0-4718-A5BC-0B08D212F31A}.Release|Any CPU.Build.0 = Release|Any CPU
		{AE258523-6EA8-4A5F-A02F-A7A9C51195E5}.Debug|Any CPU.ActiveCfg = Debug|Any CPU
		{AE258523-6EA8-4A5F-A02F-A7A9C51195E5}.Debug|Any CPU.Build.0 = Debug|Any CPU
		{AE258523-6EA8-4A5F-A02F-A7A9C51195E5}.Release|Any CPU.ActiveCfg = Release|Any CPU
		{AE258523-6EA8-4A5F-A02F-A7A9C51195E5}.Release|Any CPU.Build.0 = Release|Any CPU
		{DF894661-332B-45FB-91F6-74B19A4722C6}.Debug|Any CPU.ActiveCfg = Debug|Any CPU
		{DF894661-332B-45FB-91F6-74B19A4722C6}.Debug|Any CPU.Build.0 = Debug|Any CPU
		{DF894661-332B-45FB-91F6-74B19A4722C6}.Release|Any CPU.ActiveCfg = Release|Any CPU
		{DF894661-332B-45FB-91F6-74B19A4722C6}.Release|Any CPU.Build.0 = Release|Any CPU
		{D86A57E8-F723-4A7A-B8E6-7C6C589F541E}.Debug|Any CPU.ActiveCfg = Debug|Any CPU
		{D86A57E8-F723-4A7A-B8E6-7C6C589F541E}.Debug|Any CPU.Build.0 = Debug|Any CPU
		{D86A57E8-F723-4A7A-B8E6-7C6C589F541E}.Release|Any CPU.ActiveCfg = Release|Any CPU
		{D86A57E8-F723-4A7A-B8E6-7C6C589F541E}.Release|Any CPU.Build.0 = Release|Any CPU
		{79B68625-10E5-48D0-9DA1-45A075835C80}.Debug|Any CPU.ActiveCfg = Debug|Any CPU
		{79B68625-10E5-48D0-9DA1-45A075835C80}.Debug|Any CPU.Build.0 = Debug|Any CPU
		{79B68625-10E5-48D0-9DA1-45A075835C80}.Release|Any CPU.ActiveCfg = Release|Any CPU
		{79B68625-10E5-48D0-9DA1-45A075835C80}.Release|Any CPU.Build.0 = Release|Any CPU
		{A50052C6-B2D4-453E-A67B-6C927395A60C}.Debug|Any CPU.ActiveCfg = Debug|Any CPU
		{A50052C6-B2D4-453E-A67B-6C927395A60C}.Debug|Any CPU.Build.0 = Debug|Any CPU
		{A50052C6-B2D4-453E-A67B-6C927395A60C}.Release|Any CPU.ActiveCfg = Release|Any CPU
		{A50052C6-B2D4-453E-A67B-6C927395A60C}.Release|Any CPU.Build.0 = Release|Any CPU
		{A93DC2BC-DB2F-4575-8EFC-78591B914021}.Debug|Any CPU.ActiveCfg = Debug|Any CPU
		{A93DC2BC-DB2F-4575-8EFC-78591B914021}.Debug|Any CPU.Build.0 = Debug|Any CPU
		{A93DC2BC-DB2F-4575-8EFC-78591B914021}.Release|Any CPU.ActiveCfg = Release|Any CPU
		{A93DC2BC-DB2F-4575-8EFC-78591B914021}.Release|Any CPU.Build.0 = Release|Any CPU
		{CF763375-B9D4-400C-8ABE-7982E9852B38}.Debug|Any CPU.ActiveCfg = Debug|Any CPU
		{CF763375-B9D4-400C-8ABE-7982E9852B38}.Debug|Any CPU.Build.0 = Debug|Any CPU
		{CF763375-B9D4-400C-8ABE-7982E9852B38}.Release|Any CPU.ActiveCfg = Release|Any CPU
		{CF763375-B9D4-400C-8ABE-7982E9852B38}.Release|Any CPU.Build.0 = Release|Any CPU
		{B9B65A9D-B314-4A40-B1A7-7F1D40C74C52}.Debug|Any CPU.ActiveCfg = Debug|Any CPU
		{B9B65A9D-B314-4A40-B1A7-7F1D40C74C52}.Debug|Any CPU.Build.0 = Debug|Any CPU
		{B9B65A9D-B314-4A40-B1A7-7F1D40C74C52}.Release|Any CPU.ActiveCfg = Release|Any CPU
		{B9B65A9D-B314-4A40-B1A7-7F1D40C74C52}.Release|Any CPU.Build.0 = Release|Any CPU
		{369D22DE-0C82-4A64-8C41-F279FBCC7A82}.Debug|Any CPU.ActiveCfg = Debug|Any CPU
		{369D22DE-0C82-4A64-8C41-F279FBCC7A82}.Debug|Any CPU.Build.0 = Debug|Any CPU
		{369D22DE-0C82-4A64-8C41-F279FBCC7A82}.Release|Any CPU.ActiveCfg = Release|Any CPU
		{369D22DE-0C82-4A64-8C41-F279FBCC7A82}.Release|Any CPU.Build.0 = Release|Any CPU
	EndGlobalSection
	GlobalSection(SolutionProperties) = preSolution
		HideSolutionNode = FALSE
	EndGlobalSection
	GlobalSection(ExtensibilityGlobals) = postSolution
		SolutionGuid = {51538011-411C-4266-A9A9-8C09F23876FE}
	EndGlobalSection
EndGlobal
