
Microsoft Visual Studio Solution File, Format Version 12.00
# Visual Studio Version 17
VisualStudioVersion = 17.2.32616.157
MinimumVisualStudioVersion = 10.0.40219.1
Project("{9A19103F-16F7-4668-BE54-9A1E7A4F7556}") = "01. Unique Usernames", "01. Unique Usernames\01. Unique Usernames.csproj", "{C0AC3D9C-0AA0-4718-A5BC-0B08D212F31A}"
EndProject
Project("{9A19103F-16F7-4668-BE54-9A1E7A4F7556}") = "02. Sets of Elements", "02. Sets of Elements\02. Sets of Elements.csproj", "{AE258523-6EA8-4A5F-A02F-A7A9C51195E5}"
EndProject
Project("{FAE04EC0-301F-11D3-BF4B-00C04F79EFBC}") = "03. Periodic Table", "03. Periodic Table\03. Periodic Table.csproj", "{DF894661-332B-45FB-91F6-74B19A4722C6}"
EndProject
Global
	GlobalSection(SolutionConfigurationPlatforms) = preSolution
		Debug|Any CPU = Debug|Any CPU
		Release|Any CPU = Release|Any CPU
	EndGlobalSection
	GlobalSection(ProjectConfigurationPlatforms) = postSolution
		{C0AC3D9C-0AA0-4718-A5BC-0B08D212F31A}.Debug|Any CPU.ActiveCfg = Debug|Any CPU
		{C0AC3D9C-0AA0-4718-A5BC-0B08D212F31A}.Debug|Any CPU.Build.0 = Debug|Any CPU
		{C0AC3D9C-0AA0-4718-A5BC-0B08D212F31A}.Release|Any CPU.ActiveCfg = Release|Any CPU
		{C0AC3D9C-0AA0-4718-A5BC-0B08D212F31A}.Release|Any CPU.Build.0 = Release|Any CPU
		{AE258523-6EA8-4A5F-A02F-A7A9C51195E5}.Debug|Any CPU.ActiveCfg = Debug|Any CPU
		{AE258523-6EA8-4A5F-A02F-A7A9C51195E5}.Debug|Any CPU.Build.0 = Debug|Any CPU
		{AE258523-6EA8-4A5F-A02F-A7A9C51195E5}.Release|Any CPU.ActiveCfg = Release|Any CPU
		{AE258523-6EA8-4A5F-A02F-A7A9C51195E5}.Release|Any CPU.Build.0 = Release|Any CPU
		{DF894661-332B-45FB-91F6-74B19A4722C6}.Debug|Any CPU.ActiveCfg = Debug|Any CPU
		{DF894661-332B-45FB-91F6-74B19A4722C6}.Debug|Any CPU.Build.0 = Debug|Any CPU
		{DF894661-332B-45FB-91F6-74B19A4722C6}.Release|Any CPU.ActiveCfg = Release|Any CPU
		{DF894661-332B-45FB-91F6-74B19A4722C6}.Release|Any CPU.Build.0 = Release|Any CPU
	EndGlobalSection
	GlobalSection(SolutionProperties) = preSolution
		HideSolutionNode = FALSE
	EndGlobalSection
	GlobalSection(ExtensibilityGlobals) = postSolution
		SolutionGuid = {51538011-411C-4266-A9A9-8C09F23876FE}
	EndGlobalSection
EndGlobal
