
Microsoft Visual Studio Solution File, Format Version 12.00
# Visual Studio Version 17
VisualStudioVersion = 17.2.32616.157
MinimumVisualStudioVersion = 10.0.40219.1
Project("{9A19103F-16F7-4668-BE54-9A1E7A4F7556}") = "01. Connected Components", "01. Connected Components\01. Connected Components.csproj", "{4F51A566-A28A-4980-92D4-97B388BC01D5}"
EndProject
Project("{9A19103F-16F7-4668-BE54-9A1E7A4F7556}") = "TopSort", "TopSort\TopSort.csproj", "{26C56F3D-BEA9-4120-8BD9-35AF88137818}"
EndProject
Project("{FAE04EC0-301F-11D3-BF4B-00C04F79EFBC}") = "ShorPath", "ShorPath\ShorPath.csproj", "{5FFC6ED7-CC2B-4F7F-B92F-81FC4A0D75F8}"
EndProject
Global
	GlobalSection(SolutionConfigurationPlatforms) = preSolution
		Debug|Any CPU = Debug|Any CPU
		Release|Any CPU = Release|Any CPU
	EndGlobalSection
	GlobalSection(ProjectConfigurationPlatforms) = postSolution
		{4F51A566-A28A-4980-92D4-97B388BC01D5}.Debug|Any CPU.ActiveCfg = Debug|Any CPU
		{4F51A566-A28A-4980-92D4-97B388BC01D5}.Debug|Any CPU.Build.0 = Debug|Any CPU
		{4F51A566-A28A-4980-92D4-97B388BC01D5}.Release|Any CPU.ActiveCfg = Release|Any CPU
		{4F51A566-A28A-4980-92D4-97B388BC01D5}.Release|Any CPU.Build.0 = Release|Any CPU
		{26C56F3D-BEA9-4120-8BD9-35AF88137818}.Debug|Any CPU.ActiveCfg = Debug|Any CPU
		{26C56F3D-BEA9-4120-8BD9-35AF88137818}.Debug|Any CPU.Build.0 = Debug|Any CPU
		{26C56F3D-BEA9-4120-8BD9-35AF88137818}.Release|Any CPU.ActiveCfg = Release|Any CPU
		{26C56F3D-BEA9-4120-8BD9-35AF88137818}.Release|Any CPU.Build.0 = Release|Any CPU
		{5FFC6ED7-CC2B-4F7F-B92F-81FC4A0D75F8}.Debug|Any CPU.ActiveCfg = Debug|Any CPU
		{5FFC6ED7-CC2B-4F7F-B92F-81FC4A0D75F8}.Debug|Any CPU.Build.0 = Debug|Any CPU
		{5FFC6ED7-CC2B-4F7F-B92F-81FC4A0D75F8}.Release|Any CPU.ActiveCfg = Release|Any CPU
		{5FFC6ED7-CC2B-4F7F-B92F-81FC4A0D75F8}.Release|Any CPU.Build.0 = Release|Any CPU
	EndGlobalSection
	GlobalSection(SolutionProperties) = preSolution
		HideSolutionNode = FALSE
	EndGlobalSection
	GlobalSection(ExtensibilityGlobals) = postSolution
		SolutionGuid = {B6D9B39C-FAFB-4783-A42D-2B5D7D344D6E}
	EndGlobalSection
EndGlobal
