
Microsoft Visual Studio Solution File, Format Version 12.00
# Visual Studio Version 17
VisualStudioVersion = 17.2.32616.157
MinimumVisualStudioVersion = 10.0.40219.1
Project("{9A19103F-16F7-4668-BE54-9A1E7A4F7556}") = "Person", "Person\Person.csproj", "{64A671BB-767F-4063-8164-13BFBBD38B86}"
EndProject
Project("{9A19103F-16F7-4668-BE54-9A1E7A4F7556}") = "Zoo", "Zoo\Zoo.csproj", "{A7389F93-8FAF-4745-B331-465151D955D2}"
EndProject
Project("{9A19103F-16F7-4668-BE54-9A1E7A4F7556}") = "PlayersAndMonsters", "PlayersandMonsters\PlayersAndMonsters.csproj", "{75D94656-7387-48BB-9690-47A0CD08DED0}"
EndProject
Global
	GlobalSection(SolutionConfigurationPlatforms) = preSolution
		Debug|Any CPU = Debug|Any CPU
		Release|Any CPU = Release|Any CPU
	EndGlobalSection
	GlobalSection(ProjectConfigurationPlatforms) = postSolution
		{64A671BB-767F-4063-8164-13BFBBD38B86}.Debug|Any CPU.ActiveCfg = Debug|Any CPU
		{64A671BB-767F-4063-8164-13BFBBD38B86}.Debug|Any CPU.Build.0 = Debug|Any CPU
		{64A671BB-767F-4063-8164-13BFBBD38B86}.Release|Any CPU.ActiveCfg = Release|Any CPU
		{64A671BB-767F-4063-8164-13BFBBD38B86}.Release|Any CPU.Build.0 = Release|Any CPU
		{A7389F93-8FAF-4745-B331-465151D955D2}.Debug|Any CPU.ActiveCfg = Debug|Any CPU
		{A7389F93-8FAF-4745-B331-465151D955D2}.Debug|Any CPU.Build.0 = Debug|Any CPU
		{A7389F93-8FAF-4745-B331-465151D955D2}.Release|Any CPU.ActiveCfg = Release|Any CPU
		{A7389F93-8FAF-4745-B331-465151D955D2}.Release|Any CPU.Build.0 = Release|Any CPU
		{75D94656-7387-48BB-9690-47A0CD08DED0}.Debug|Any CPU.ActiveCfg = Debug|Any CPU
		{75D94656-7387-48BB-9690-47A0CD08DED0}.Debug|Any CPU.Build.0 = Debug|Any CPU
		{75D94656-7387-48BB-9690-47A0CD08DED0}.Release|Any CPU.ActiveCfg = Release|Any CPU
		{75D94656-7387-48BB-9690-47A0CD08DED0}.Release|Any CPU.Build.0 = Release|Any CPU
	EndGlobalSection
	GlobalSection(SolutionProperties) = preSolution
		HideSolutionNode = FALSE
	EndGlobalSection
	GlobalSection(ExtensibilityGlobals) = postSolution
		SolutionGuid = {AF8B9BAF-D158-4A3A-8041-48A1B64D02C7}
	EndGlobalSection
EndGlobal
