
Microsoft Visual Studio Solution File, Format Version 12.00
# Visual Studio Version 17
VisualStudioVersion = 17.2.32616.157
MinimumVisualStudioVersion = 10.0.40219.1
Project("{FAE04EC0-301F-11D3-BF4B-00C04F79EFBC}") = "CustomDoublyLinkedList", "CustomDoublyLinkedList\CustomDoublyLinkedList.csproj", "{613A16EF-063F-41B8-975D-89BFF315591D}"
EndProject
Global
	GlobalSection(SolutionConfigurationPlatforms) = preSolution
		Debug|Any CPU = Debug|Any CPU
		Release|Any CPU = Release|Any CPU
	EndGlobalSection
	GlobalSection(ProjectConfigurationPlatforms) = postSolution
		{613A16EF-063F-41B8-975D-89BFF315591D}.Debug|Any CPU.ActiveCfg = Debug|Any CPU
		{613A16EF-063F-41B8-975D-89BFF315591D}.Debug|Any CPU.Build.0 = Debug|Any CPU
		{613A16EF-063F-41B8-975D-89BFF315591D}.Release|Any CPU.ActiveCfg = Release|Any CPU
		{613A16EF-063F-41B8-975D-89BFF315591D}.Release|Any CPU.Build.0 = Release|Any CPU
	EndGlobalSection
	GlobalSection(SolutionProperties) = preSolution
		HideSolutionNode = FALSE
	EndGlobalSection
	GlobalSection(ExtensibilityGlobals) = postSolution
		SolutionGuid = {465DE35C-98B3-4062-9FDE-0B7E4BFAE11E}
	EndGlobalSection
EndGlobal
