
Microsoft Visual Studio Solution File, Format Version 12.00
# Visual Studio Version 17
VisualStudioVersion = 17.2.32616.157
MinimumVisualStudioVersion = 10.0.40219.1
Project("{9A19103F-16F7-4668-BE54-9A1E7A4F7556}") = "1. Reverse a String", "1. Reverse a String\1. Reverse a String.csproj", "{0C305F98-9797-4BBD-8E74-2DE8E09F24CE}"
EndProject
Project("{FAE04EC0-301F-11D3-BF4B-00C04F79EFBC}") = "2. Stack Sum", "2. Stack Sum\2. Stack Sum.csproj", "{B8CC7792-B637-4D4A-9AF6-1EC10397362B}"
EndProject
Project("{FAE04EC0-301F-11D3-BF4B-00C04F79EFBC}") = "3. Simple Calculator", "3. Simple Calculator\3. Simple Calculator.csproj", "{0CEBFDC0-F8F7-4A48-A85E-9AD421947476}"
EndProject
Global
	GlobalSection(SolutionConfigurationPlatforms) = preSolution
		Debug|Any CPU = Debug|Any CPU
		Release|Any CPU = Release|Any CPU
	EndGlobalSection
	GlobalSection(ProjectConfigurationPlatforms) = postSolution
		{0C305F98-9797-4BBD-8E74-2DE8E09F24CE}.Debug|Any CPU.ActiveCfg = Debug|Any CPU
		{0C305F98-9797-4BBD-8E74-2DE8E09F24CE}.Debug|Any CPU.Build.0 = Debug|Any CPU
		{0C305F98-9797-4BBD-8E74-2DE8E09F24CE}.Release|Any CPU.ActiveCfg = Release|Any CPU
		{0C305F98-9797-4BBD-8E74-2DE8E09F24CE}.Release|Any CPU.Build.0 = Release|Any CPU
		{B8CC7792-B637-4D4A-9AF6-1EC10397362B}.Debug|Any CPU.ActiveCfg = Debug|Any CPU
		{B8CC7792-B637-4D4A-9AF6-1EC10397362B}.Debug|Any CPU.Build.0 = Debug|Any CPU
		{B8CC7792-B637-4D4A-9AF6-1EC10397362B}.Release|Any CPU.ActiveCfg = Release|Any CPU
		{B8CC7792-B637-4D4A-9AF6-1EC10397362B}.Release|Any CPU.Build.0 = Release|Any CPU
		{0CEBFDC0-F8F7-4A48-A85E-9AD421947476}.Debug|Any CPU.ActiveCfg = Debug|Any CPU
		{0CEBFDC0-F8F7-4A48-A85E-9AD421947476}.Debug|Any CPU.Build.0 = Debug|Any CPU
		{0CEBFDC0-F8F7-4A48-A85E-9AD421947476}.Release|Any CPU.ActiveCfg = Release|Any CPU
		{0CEBFDC0-F8F7-4A48-A85E-9AD421947476}.Release|Any CPU.Build.0 = Release|Any CPU
	EndGlobalSection
	GlobalSection(SolutionProperties) = preSolution
		HideSolutionNode = FALSE
	EndGlobalSection
	GlobalSection(ExtensibilityGlobals) = postSolution
		SolutionGuid = {54CCD5C1-6D26-44BC-B75A-36DCCE5D5324}
	EndGlobalSection
EndGlobal
