
Microsoft Visual Studio Solution File, Format Version 12.00
# Visual Studio Version 17
VisualStudioVersion = 17.2.32616.157
MinimumVisualStudioVersion = 10.0.40219.1
Project("{9A19103F-16F7-4668-BE54-9A1E7A4F7556}") = "CustomList", "CustomList\CustomList.csproj", "{BC04C714-3AB0-47B5-8E65-ED7C913E9889}"
EndProject
Project("{FAE04EC0-301F-11D3-BF4B-00C04F79EFBC}") = "CustomStack", "CustomStack\CustomStack.csproj", "{9901DF44-9516-4603-AF9F-1AE3FF9FDA08}"
EndProject
Global
	GlobalSection(SolutionConfigurationPlatforms) = preSolution
		Debug|Any CPU = Debug|Any CPU
		Release|Any CPU = Release|Any CPU
	EndGlobalSection
	GlobalSection(ProjectConfigurationPlatforms) = postSolution
		{BC04C714-3AB0-47B5-8E65-ED7C913E9889}.Debug|Any CPU.ActiveCfg = Debug|Any CPU
		{BC04C714-3AB0-47B5-8E65-ED7C913E9889}.Debug|Any CPU.Build.0 = Debug|Any CPU
		{BC04C714-3AB0-47B5-8E65-ED7C913E9889}.Release|Any CPU.ActiveCfg = Release|Any CPU
		{BC04C714-3AB0-47B5-8E65-ED7C913E9889}.Release|Any CPU.Build.0 = Release|Any CPU
		{9901DF44-9516-4603-AF9F-1AE3FF9FDA08}.Debug|Any CPU.ActiveCfg = Debug|Any CPU
		{9901DF44-9516-4603-AF9F-1AE3FF9FDA08}.Debug|Any CPU.Build.0 = Debug|Any CPU
		{9901DF44-9516-4603-AF9F-1AE3FF9FDA08}.Release|Any CPU.ActiveCfg = Release|Any CPU
		{9901DF44-9516-4603-AF9F-1AE3FF9FDA08}.Release|Any CPU.Build.0 = Release|Any CPU
	EndGlobalSection
	GlobalSection(SolutionProperties) = preSolution
		HideSolutionNode = FALSE
	EndGlobalSection
	GlobalSection(ExtensibilityGlobals) = postSolution
		SolutionGuid = {F9B17335-80B2-46BF-9D48-28D7393C6B7C}
	EndGlobalSection
EndGlobal
