
Microsoft Visual Studio Solution File, Format Version 12.00
# Visual Studio Version 17
VisualStudioVersion = 17.2.32616.157
MinimumVisualStudioVersion = 10.0.40219.1
Project("{FAE04EC0-301F-11D3-BF4B-00C04F79EFBC}") = "01. Action Print", "01. Action Print\01. Action Print.csproj", "{3531C100-0C0D-4205-8257-BA8876253DFD}"
EndProject
Project("{FAE04EC0-301F-11D3-BF4B-00C04F79EFBC}") = "02. Knights of Honor", "02. Knights of Honor\02. Knights of Honor.csproj", "{C806094E-6900-4828-9B30-568A4E40C099}"
EndProject
Project("{FAE04EC0-301F-11D3-BF4B-00C04F79EFBC}") = "03. Custom Min Function", "03. Custom Min Function\03. Custom Min Function.csproj", "{B43A8534-C1B2-4C37-901A-6AB546DC104E}"
EndProject
Project("{FAE04EC0-301F-11D3-BF4B-00C04F79EFBC}") = "04. Find Evens or Odds", "04. Find Evens or Odds\04. Find Evens or Odds.csproj", "{BFBA2360-F39D-4E24-863E-D5CBD97E8813}"
EndProject
Project("{FAE04EC0-301F-11D3-BF4B-00C04F79EFBC}") = "05. Applied Arithmetics", "05. Applied Arithmetics\05. Applied Arithmetics.csproj", "{A57C8A76-069D-45C6-9EEF-45D98B524E59}"
EndProject
Project("{FAE04EC0-301F-11D3-BF4B-00C04F79EFBC}") = "06. Reverse And Exclude", "06. Reverse And Exclude\06. Reverse And Exclude.csproj", "{0D180595-9BA6-44F5-8675-42137206F2D5}"
EndProject
Global
	GlobalSection(SolutionConfigurationPlatforms) = preSolution
		Debug|Any CPU = Debug|Any CPU
		Release|Any CPU = Release|Any CPU
	EndGlobalSection
	GlobalSection(ProjectConfigurationPlatforms) = postSolution
		{3531C100-0C0D-4205-8257-BA8876253DFD}.Debug|Any CPU.ActiveCfg = Debug|Any CPU
		{3531C100-0C0D-4205-8257-BA8876253DFD}.Debug|Any CPU.Build.0 = Debug|Any CPU
		{3531C100-0C0D-4205-8257-BA8876253DFD}.Release|Any CPU.ActiveCfg = Release|Any CPU
		{3531C100-0C0D-4205-8257-BA8876253DFD}.Release|Any CPU.Build.0 = Release|Any CPU
		{C806094E-6900-4828-9B30-568A4E40C099}.Debug|Any CPU.ActiveCfg = Debug|Any CPU
		{C806094E-6900-4828-9B30-568A4E40C099}.Debug|Any CPU.Build.0 = Debug|Any CPU
		{C806094E-6900-4828-9B30-568A4E40C099}.Release|Any CPU.ActiveCfg = Release|Any CPU
		{C806094E-6900-4828-9B30-568A4E40C099}.Release|Any CPU.Build.0 = Release|Any CPU
		{B43A8534-C1B2-4C37-901A-6AB546DC104E}.Debug|Any CPU.ActiveCfg = Debug|Any CPU
		{B43A8534-C1B2-4C37-901A-6AB546DC104E}.Debug|Any CPU.Build.0 = Debug|Any CPU
		{B43A8534-C1B2-4C37-901A-6AB546DC104E}.Release|Any CPU.ActiveCfg = Release|Any CPU
		{B43A8534-C1B2-4C37-901A-6AB546DC104E}.Release|Any CPU.Build.0 = Release|Any CPU
		{BFBA2360-F39D-4E24-863E-D5CBD97E8813}.Debug|Any CPU.ActiveCfg = Debug|Any CPU
		{BFBA2360-F39D-4E24-863E-D5CBD97E8813}.Debug|Any CPU.Build.0 = Debug|Any CPU
		{BFBA2360-F39D-4E24-863E-D5CBD97E8813}.Release|Any CPU.ActiveCfg = Release|Any CPU
		{BFBA2360-F39D-4E24-863E-D5CBD97E8813}.Release|Any CPU.Build.0 = Release|Any CPU
		{A57C8A76-069D-45C6-9EEF-45D98B524E59}.Debug|Any CPU.ActiveCfg = Debug|Any CPU
		{A57C8A76-069D-45C6-9EEF-45D98B524E59}.Debug|Any CPU.Build.0 = Debug|Any CPU
		{A57C8A76-069D-45C6-9EEF-45D98B524E59}.Release|Any CPU.ActiveCfg = Release|Any CPU
		{A57C8A76-069D-45C6-9EEF-45D98B524E59}.Release|Any CPU.Build.0 = Release|Any CPU
		{0D180595-9BA6-44F5-8675-42137206F2D5}.Debug|Any CPU.ActiveCfg = Debug|Any CPU
		{0D180595-9BA6-44F5-8675-42137206F2D5}.Debug|Any CPU.Build.0 = Debug|Any CPU
		{0D180595-9BA6-44F5-8675-42137206F2D5}.Release|Any CPU.ActiveCfg = Release|Any CPU
		{0D180595-9BA6-44F5-8675-42137206F2D5}.Release|Any CPU.Build.0 = Release|Any CPU
	EndGlobalSection
	GlobalSection(SolutionProperties) = preSolution
		HideSolutionNode = FALSE
	EndGlobalSection
	GlobalSection(ExtensibilityGlobals) = postSolution
		SolutionGuid = {D39E01F4-F3D7-4FA6-A125-9C55772C50A1}
	EndGlobalSection
EndGlobal
