
Microsoft Visual Studio Solution File, Format Version 12.00
# Visual Studio Version 17
VisualStudioVersion = 17.2.32616.157
MinimumVisualStudioVersion = 10.0.40219.1
Project("{9A19103F-16F7-4668-BE54-9A1E7A4F7556}") = "1. Diagonal Difference", "1. Diagonal Difference\1. Diagonal Difference.csproj", "{F5BC81D0-E9A5-40A0-8895-D16FF144884D}"
EndProject
Project("{9A19103F-16F7-4668-BE54-9A1E7A4F7556}") = "2. Squares in Matrix", "2. Squares in Matrix\2. Squares in Matrix.csproj", "{EAAA5170-0FA2-491B-BCC3-BB0FE8D50DBD}"
EndProject
Project("{9A19103F-16F7-4668-BE54-9A1E7A4F7556}") = "3. Maximal Sum", "3. Maximal Sum\3. Maximal Sum.csproj", "{545965F0-D5F2-4898-800A-76ABDBED343B}"
EndProject
Project("{9A19103F-16F7-4668-BE54-9A1E7A4F7556}") = "4. Matrix Shuffling", "4. Matrix Shuffling\4. Matrix Shuffling.csproj", "{31585F64-E2F9-4AB8-940D-6C42F5D73A0A}"
EndProject
Project("{9A19103F-16F7-4668-BE54-9A1E7A4F7556}") = "5. Snake Moves", "5. Snake Moves\5. Snake Moves.csproj", "{197C84F6-DA4B-4E8F-A856-574FC295AB2C}"
EndProject
Project("{9A19103F-16F7-4668-BE54-9A1E7A4F7556}") = "6. Jagged Array Manipulator", "6. Jagged Array Manipulator\6. Jagged Array Manipulator.csproj", "{75A31785-5036-4A3A-AB3E-A8FE7C50091F}"
EndProject
Project("{9A19103F-16F7-4668-BE54-9A1E7A4F7556}") = "7. Knight Game", "7. Knight Game\7. Knight Game.csproj", "{1857A240-7F10-4A0C-888C-5C207CB87D22}"
EndProject
Project("{FAE04EC0-301F-11D3-BF4B-00C04F79EFBC}") = "8. Bombs", "8. Bombs\8. Bombs.csproj", "{FBA365F3-44D7-4574-9811-5FCAB1B595D9}"
EndProject
Project("{FAE04EC0-301F-11D3-BF4B-00C04F79EFBC}") = "9. Miner", "9. Miner\9. Miner.csproj", "{28154923-F00A-4EEC-82AD-C0B90CC28693}"
EndProject
Global
	GlobalSection(SolutionConfigurationPlatforms) = preSolution
		Debug|Any CPU = Debug|Any CPU
		Release|Any CPU = Release|Any CPU
	EndGlobalSection
	GlobalSection(ProjectConfigurationPlatforms) = postSolution
		{F5BC81D0-E9A5-40A0-8895-D16FF144884D}.Debug|Any CPU.ActiveCfg = Debug|Any CPU
		{F5BC81D0-E9A5-40A0-8895-D16FF144884D}.Debug|Any CPU.Build.0 = Debug|Any CPU
		{F5BC81D0-E9A5-40A0-8895-D16FF144884D}.Release|Any CPU.ActiveCfg = Release|Any CPU
		{F5BC81D0-E9A5-40A0-8895-D16FF144884D}.Release|Any CPU.Build.0 = Release|Any CPU
		{EAAA5170-0FA2-491B-BCC3-BB0FE8D50DBD}.Debug|Any CPU.ActiveCfg = Debug|Any CPU
		{EAAA5170-0FA2-491B-BCC3-BB0FE8D50DBD}.Debug|Any CPU.Build.0 = Debug|Any CPU
		{EAAA5170-0FA2-491B-BCC3-BB0FE8D50DBD}.Release|Any CPU.ActiveCfg = Release|Any CPU
		{EAAA5170-0FA2-491B-BCC3-BB0FE8D50DBD}.Release|Any CPU.Build.0 = Release|Any CPU
		{545965F0-D5F2-4898-800A-76ABDBED343B}.Debug|Any CPU.ActiveCfg = Debug|Any CPU
		{545965F0-D5F2-4898-800A-76ABDBED343B}.Debug|Any CPU.Build.0 = Debug|Any CPU
		{545965F0-D5F2-4898-800A-76ABDBED343B}.Release|Any CPU.ActiveCfg = Release|Any CPU
		{545965F0-D5F2-4898-800A-76ABDBED343B}.Release|Any CPU.Build.0 = Release|Any CPU
		{31585F64-E2F9-4AB8-940D-6C42F5D73A0A}.Debug|Any CPU.ActiveCfg = Debug|Any CPU
		{31585F64-E2F9-4AB8-940D-6C42F5D73A0A}.Debug|Any CPU.Build.0 = Debug|Any CPU
		{31585F64-E2F9-4AB8-940D-6C42F5D73A0A}.Release|Any CPU.ActiveCfg = Release|Any CPU
		{31585F64-E2F9-4AB8-940D-6C42F5D73A0A}.Release|Any CPU.Build.0 = Release|Any CPU
		{197C84F6-DA4B-4E8F-A856-574FC295AB2C}.Debug|Any CPU.ActiveCfg = Debug|Any CPU
		{197C84F6-DA4B-4E8F-A856-574FC295AB2C}.Debug|Any CPU.Build.0 = Debug|Any CPU
		{197C84F6-DA4B-4E8F-A856-574FC295AB2C}.Release|Any CPU.ActiveCfg = Release|Any CPU
		{197C84F6-DA4B-4E8F-A856-574FC295AB2C}.Release|Any CPU.Build.0 = Release|Any CPU
		{75A31785-5036-4A3A-AB3E-A8FE7C50091F}.Debug|Any CPU.ActiveCfg = Debug|Any CPU
		{75A31785-5036-4A3A-AB3E-A8FE7C50091F}.Debug|Any CPU.Build.0 = Debug|Any CPU
		{75A31785-5036-4A3A-AB3E-A8FE7C50091F}.Release|Any CPU.ActiveCfg = Release|Any CPU
		{75A31785-5036-4A3A-AB3E-A8FE7C50091F}.Release|Any CPU.Build.0 = Release|Any CPU
		{1857A240-7F10-4A0C-888C-5C207CB87D22}.Debug|Any CPU.ActiveCfg = Debug|Any CPU
		{1857A240-7F10-4A0C-888C-5C207CB87D22}.Debug|Any CPU.Build.0 = Debug|Any CPU
		{1857A240-7F10-4A0C-888C-5C207CB87D22}.Release|Any CPU.ActiveCfg = Release|Any CPU
		{1857A240-7F10-4A0C-888C-5C207CB87D22}.Release|Any CPU.Build.0 = Release|Any CPU
		{FBA365F3-44D7-4574-9811-5FCAB1B595D9}.Debug|Any CPU.ActiveCfg = Debug|Any CPU
		{FBA365F3-44D7-4574-9811-5FCAB1B595D9}.Debug|Any CPU.Build.0 = Debug|Any CPU
		{FBA365F3-44D7-4574-9811-5FCAB1B595D9}.Release|Any CPU.ActiveCfg = Release|Any CPU
		{FBA365F3-44D7-4574-9811-5FCAB1B595D9}.Release|Any CPU.Build.0 = Release|Any CPU
		{28154923-F00A-4EEC-82AD-C0B90CC28693}.Debug|Any CPU.ActiveCfg = Debug|Any CPU
		{28154923-F00A-4EEC-82AD-C0B90CC28693}.Debug|Any CPU.Build.0 = Debug|Any CPU
		{28154923-F00A-4EEC-82AD-C0B90CC28693}.Release|Any CPU.ActiveCfg = Release|Any CPU
		{28154923-F00A-4EEC-82AD-C0B90CC28693}.Release|Any CPU.Build.0 = Release|Any CPU
	EndGlobalSection
	GlobalSection(SolutionProperties) = preSolution
		HideSolutionNode = FALSE
	EndGlobalSection
	GlobalSection(ExtensibilityGlobals) = postSolution
		SolutionGuid = {7660D002-F81B-4B4F-81EA-AEA8C8B642D0}
	EndGlobalSection
EndGlobal
