
Microsoft Visual Studio Solution File, Format Version 12.00
# Visual Studio Version 17
VisualStudioVersion = 17.2.32616.157
MinimumVisualStudioVersion = 10.0.40219.1
Project("{9A19103F-16F7-4668-BE54-9A1E7A4F7556}") = "1. Sum Matrix Elements", "1. Sum Matrix Elements\1. Sum Matrix Elements.csproj", "{800D1F9F-9AF1-4298-BE29-17F60BF403B4}"
EndProject
Project("{FAE04EC0-301F-11D3-BF4B-00C04F79EFBC}") = "2. Sum Matrix Columns", "2. Sum Matrix Columns\2. Sum Matrix Columns.csproj", "{034F7EBE-B628-4C06-9F84-83E82932E4AA}"
EndProject
Global
	GlobalSection(SolutionConfigurationPlatforms) = preSolution
		Debug|Any CPU = Debug|Any CPU
		Release|Any CPU = Release|Any CPU
	EndGlobalSection
	GlobalSection(ProjectConfigurationPlatforms) = postSolution
		{800D1F9F-9AF1-4298-BE29-17F60BF403B4}.Debug|Any CPU.ActiveCfg = Debug|Any CPU
		{800D1F9F-9AF1-4298-BE29-17F60BF403B4}.Debug|Any CPU.Build.0 = Debug|Any CPU
		{800D1F9F-9AF1-4298-BE29-17F60BF403B4}.Release|Any CPU.ActiveCfg = Release|Any CPU
		{800D1F9F-9AF1-4298-BE29-17F60BF403B4}.Release|Any CPU.Build.0 = Release|Any CPU
		{034F7EBE-B628-4C06-9F84-83E82932E4AA}.Debug|Any CPU.ActiveCfg = Debug|Any CPU
		{034F7EBE-B628-4C06-9F84-83E82932E4AA}.Debug|Any CPU.Build.0 = Debug|Any CPU
		{034F7EBE-B628-4C06-9F84-83E82932E4AA}.Release|Any CPU.ActiveCfg = Release|Any CPU
		{034F7EBE-B628-4C06-9F84-83E82932E4AA}.Release|Any CPU.Build.0 = Release|Any CPU
	EndGlobalSection
	GlobalSection(SolutionProperties) = preSolution
		HideSolutionNode = FALSE
	EndGlobalSection
	GlobalSection(ExtensibilityGlobals) = postSolution
		SolutionGuid = {141C3F4B-3EEC-43A3-9A24-C1634C58133A}
	EndGlobalSection
EndGlobal
