
Microsoft Visual Studio Solution File, Format Version 12.00
# Visual Studio Version 17
VisualStudioVersion = 17.2.32616.157
MinimumVisualStudioVersion = 10.0.40219.1
Project("{9A19103F-16F7-4668-BE54-9A1E7A4F7556}") = "1. Sum Matrix Elements", "1. Sum Matrix Elements\1. Sum Matrix Elements.csproj", "{800D1F9F-9AF1-4298-BE29-17F60BF403B4}"
EndProject
Project("{9A19103F-16F7-4668-BE54-9A1E7A4F7556}") = "2. Sum Matrix Columns", "2. Sum Matrix Columns\2. Sum Matrix Columns.csproj", "{034F7EBE-B628-4C06-9F84-83E82932E4AA}"
EndProject
Project("{FAE04EC0-301F-11D3-BF4B-00C04F79EFBC}") = "3. Primary Diagonal", "3. Primary Diagonal\3. Primary Diagonal.csproj", "{AE76787B-0ED9-42C4-A88C-126BFF072864}"
EndProject
Project("{FAE04EC0-301F-11D3-BF4B-00C04F79EFBC}") = "4. Symbol in Matrix", "4. Symbol in Matrix\4. Symbol in Matrix.csproj", "{CA57F853-A939-4978-8C74-FCEA67BABC31}"
EndProject
Project("{FAE04EC0-301F-11D3-BF4B-00C04F79EFBC}") = "5. Square With Maximum Sum", "5. Square With Maximum Sum\5. Square With Maximum Sum.csproj", "{84AA4706-830E-4B4A-8AD1-2DA97992C295}"
EndProject
Project("{FAE04EC0-301F-11D3-BF4B-00C04F79EFBC}") = "6. Jagged-Array Modification", "6. Jagged-Array Modification\6. Jagged-Array Modification.csproj", "{6647E303-C97A-454F-8A78-6F9951A4F274}"
EndProject
Global
	GlobalSection(SolutionConfigurationPlatforms) = preSolution
		Debug|Any CPU = Debug|Any CPU
		Release|Any CPU = Release|Any CPU
	EndGlobalSection
	GlobalSection(ProjectConfigurationPlatforms) = postSolution
		{800D1F9F-9AF1-4298-BE29-17F60BF403B4}.Debug|Any CPU.ActiveCfg = Debug|Any CPU
		{800D1F9F-9AF1-4298-BE29-17F60BF403B4}.Debug|Any CPU.Build.0 = Debug|Any CPU
		{800D1F9F-9AF1-4298-BE29-17F60BF403B4}.Release|Any CPU.ActiveCfg = Release|Any CPU
		{800D1F9F-9AF1-4298-BE29-17F60BF403B4}.Release|Any CPU.Build.0 = Release|Any CPU
		{034F7EBE-B628-4C06-9F84-83E82932E4AA}.Debug|Any CPU.ActiveCfg = Debug|Any CPU
		{034F7EBE-B628-4C06-9F84-83E82932E4AA}.Debug|Any CPU.Build.0 = Debug|Any CPU
		{034F7EBE-B628-4C06-9F84-83E82932E4AA}.Release|Any CPU.ActiveCfg = Release|Any CPU
		{034F7EBE-B628-4C06-9F84-83E82932E4AA}.Release|Any CPU.Build.0 = Release|Any CPU
		{AE76787B-0ED9-42C4-A88C-126BFF072864}.Debug|Any CPU.ActiveCfg = Debug|Any CPU
		{AE76787B-0ED9-42C4-A88C-126BFF072864}.Debug|Any CPU.Build.0 = Debug|Any CPU
		{AE76787B-0ED9-42C4-A88C-126BFF072864}.Release|Any CPU.ActiveCfg = Release|Any CPU
		{AE76787B-0ED9-42C4-A88C-126BFF072864}.Release|Any CPU.Build.0 = Release|Any CPU
		{CA57F853-A939-4978-8C74-FCEA67BABC31}.Debug|Any CPU.ActiveCfg = Debug|Any CPU
		{CA57F853-A939-4978-8C74-FCEA67BABC31}.Debug|Any CPU.Build.0 = Debug|Any CPU
		{CA57F853-A939-4978-8C74-FCEA67BABC31}.Release|Any CPU.ActiveCfg = Release|Any CPU
		{CA57F853-A939-4978-8C74-FCEA67BABC31}.Release|Any CPU.Build.0 = Release|Any CPU
		{84AA4706-830E-4B4A-8AD1-2DA97992C295}.Debug|Any CPU.ActiveCfg = Debug|Any CPU
		{84AA4706-830E-4B4A-8AD1-2DA97992C295}.Debug|Any CPU.Build.0 = Debug|Any CPU
		{84AA4706-830E-4B4A-8AD1-2DA97992C295}.Release|Any CPU.ActiveCfg = Release|Any CPU
		{84AA4706-830E-4B4A-8AD1-2DA97992C295}.Release|Any CPU.Build.0 = Release|Any CPU
		{6647E303-C97A-454F-8A78-6F9951A4F274}.Debug|Any CPU.ActiveCfg = Debug|Any CPU
		{6647E303-C97A-454F-8A78-6F9951A4F274}.Debug|Any CPU.Build.0 = Debug|Any CPU
		{6647E303-C97A-454F-8A78-6F9951A4F274}.Release|Any CPU.ActiveCfg = Release|Any CPU
		{6647E303-C97A-454F-8A78-6F9951A4F274}.Release|Any CPU.Build.0 = Release|Any CPU
	EndGlobalSection
	GlobalSection(SolutionProperties) = preSolution
		HideSolutionNode = FALSE
	EndGlobalSection
	GlobalSection(ExtensibilityGlobals) = postSolution
		SolutionGuid = {141C3F4B-3EEC-43A3-9A24-C1634C58133A}
	EndGlobalSection
EndGlobal
