
Microsoft Visual Studio Solution File, Format Version 12.00
# Visual Studio Version 17
VisualStudioVersion = 17.2.32616.157
MinimumVisualStudioVersion = 10.0.40219.1
Project("{9A19103F-16F7-4668-BE54-9A1E7A4F7556}") = "01. Permutations without Repetition", "01. Permutations without Repetition\01. Permutations without Repetition.csproj", "{D8885725-2961-416A-B92E-1AD2342EEDFD}"
EndProject
Project("{FAE04EC0-301F-11D3-BF4B-00C04F79EFBC}") = "02. Permutations with Repetition", "02. Permutations with Repetition\02. Permutations with Repetition.csproj", "{DE4D4EE8-C1E3-4A2D-AF05-EBC911F0E455}"
EndProject
Global
	GlobalSection(SolutionConfigurationPlatforms) = preSolution
		Debug|Any CPU = Debug|Any CPU
		Release|Any CPU = Release|Any CPU
	EndGlobalSection
	GlobalSection(ProjectConfigurationPlatforms) = postSolution
		{D8885725-2961-416A-B92E-1AD2342EEDFD}.Debug|Any CPU.ActiveCfg = Debug|Any CPU
		{D8885725-2961-416A-B92E-1AD2342EEDFD}.Debug|Any CPU.Build.0 = Debug|Any CPU
		{D8885725-2961-416A-B92E-1AD2342EEDFD}.Release|Any CPU.ActiveCfg = Release|Any CPU
		{D8885725-2961-416A-B92E-1AD2342EEDFD}.Release|Any CPU.Build.0 = Release|Any CPU
		{DE4D4EE8-C1E3-4A2D-AF05-EBC911F0E455}.Debug|Any CPU.ActiveCfg = Debug|Any CPU
		{DE4D4EE8-C1E3-4A2D-AF05-EBC911F0E455}.Debug|Any CPU.Build.0 = Debug|Any CPU
		{DE4D4EE8-C1E3-4A2D-AF05-EBC911F0E455}.Release|Any CPU.ActiveCfg = Release|Any CPU
		{DE4D4EE8-C1E3-4A2D-AF05-EBC911F0E455}.Release|Any CPU.Build.0 = Release|Any CPU
	EndGlobalSection
	GlobalSection(SolutionProperties) = preSolution
		HideSolutionNode = FALSE
	EndGlobalSection
	GlobalSection(ExtensibilityGlobals) = postSolution
		SolutionGuid = {3ED2F72A-366B-4357-859A-FC17B65E31FB}
	EndGlobalSection
EndGlobal
