
Microsoft Visual Studio Solution File, Format Version 12.00
# Visual Studio Version 17
VisualStudioVersion = 17.2.32616.157
MinimumVisualStudioVersion = 10.0.40219.1
Project("{9A19103F-16F7-4668-BE54-9A1E7A4F7556}") = "01. Define a Class Person", "01. Define a Class Person\01. Define a Class Person.csproj", "{B4594563-9BE2-4C44-9572-721B397A2144}"
EndProject
Project("{9A19103F-16F7-4668-BE54-9A1E7A4F7556}") = "02.CreatingConstructors", "02.CreatingConstructors\02.CreatingConstructors.csproj", "{A2AF36EF-9C32-40DD-8629-C852738ECD88}"
EndProject
Project("{9A19103F-16F7-4668-BE54-9A1E7A4F7556}") = "03.OldestFamilyMember", "03.OldestFamilyMember\03.OldestFamilyMember.csproj", "{B06875F9-71BF-4D4D-8310-F893C12EF9E3}"
EndProject
Project("{9A19103F-16F7-4668-BE54-9A1E7A4F7556}") = "04.OpinionPoll", "04.OpinionPoll\04.OpinionPoll.csproj", "{F1570714-B6E3-4E1A-A899-4F98AF911D1C}"
EndProject
Project("{9A19103F-16F7-4668-BE54-9A1E7A4F7556}") = "05.DateModifier", "05. Date Modifier\05.DateModifier.csproj", "{8AB667D2-1C5A-45C0-9E5F-91FAA929B14F}"
EndProject
Project("{9A19103F-16F7-4668-BE54-9A1E7A4F7556}") = "06.SpeedRacing", "06. Speed Racing\06.SpeedRacing.csproj", "{02948A05-934F-4662-85F7-DCCAA6D183D7}"
EndProject
Project("{9A19103F-16F7-4668-BE54-9A1E7A4F7556}") = "07.RawData", "07.RawData\07.RawData.csproj", "{0FC9704C-E8DA-42AE-BF56-C380F1AB4DB1}"
EndProject
Project("{9A19103F-16F7-4668-BE54-9A1E7A4F7556}") = "08.CarSalesman", "08. Car Salesman\08.CarSalesman.csproj", "{7451F4AA-45FB-4575-9527-862B2038FB3D}"
EndProject
Project("{9A19103F-16F7-4668-BE54-9A1E7A4F7556}") = "09.PokemonTrainer", "09. Pokemon Trainer\09.PokemonTrainer.csproj", "{55065091-27F7-40C2-833F-32C48A149AEB}"
EndProject
Global
	GlobalSection(SolutionConfigurationPlatforms) = preSolution
		Debug|Any CPU = Debug|Any CPU
		Release|Any CPU = Release|Any CPU
	EndGlobalSection
	GlobalSection(ProjectConfigurationPlatforms) = postSolution
		{B4594563-9BE2-4C44-9572-721B397A2144}.Debug|Any CPU.ActiveCfg = Debug|Any CPU
		{B4594563-9BE2-4C44-9572-721B397A2144}.Debug|Any CPU.Build.0 = Debug|Any CPU
		{B4594563-9BE2-4C44-9572-721B397A2144}.Release|Any CPU.ActiveCfg = Release|Any CPU
		{B4594563-9BE2-4C44-9572-721B397A2144}.Release|Any CPU.Build.0 = Release|Any CPU
		{A2AF36EF-9C32-40DD-8629-C852738ECD88}.Debug|Any CPU.ActiveCfg = Debug|Any CPU
		{A2AF36EF-9C32-40DD-8629-C852738ECD88}.Debug|Any CPU.Build.0 = Debug|Any CPU
		{A2AF36EF-9C32-40DD-8629-C852738ECD88}.Release|Any CPU.ActiveCfg = Release|Any CPU
		{A2AF36EF-9C32-40DD-8629-C852738ECD88}.Release|Any CPU.Build.0 = Release|Any CPU
		{B06875F9-71BF-4D4D-8310-F893C12EF9E3}.Debug|Any CPU.ActiveCfg = Debug|Any CPU
		{B06875F9-71BF-4D4D-8310-F893C12EF9E3}.Debug|Any CPU.Build.0 = Debug|Any CPU
		{B06875F9-71BF-4D4D-8310-F893C12EF9E3}.Release|Any CPU.ActiveCfg = Release|Any CPU
		{B06875F9-71BF-4D4D-8310-F893C12EF9E3}.Release|Any CPU.Build.0 = Release|Any CPU
		{F1570714-B6E3-4E1A-A899-4F98AF911D1C}.Debug|Any CPU.ActiveCfg = Debug|Any CPU
		{F1570714-B6E3-4E1A-A899-4F98AF911D1C}.Debug|Any CPU.Build.0 = Debug|Any CPU
		{F1570714-B6E3-4E1A-A899-4F98AF911D1C}.Release|Any CPU.ActiveCfg = Release|Any CPU
		{F1570714-B6E3-4E1A-A899-4F98AF911D1C}.Release|Any CPU.Build.0 = Release|Any CPU
		{8AB667D2-1C5A-45C0-9E5F-91FAA929B14F}.Debug|Any CPU.ActiveCfg = Debug|Any CPU
		{8AB667D2-1C5A-45C0-9E5F-91FAA929B14F}.Debug|Any CPU.Build.0 = Debug|Any CPU
		{8AB667D2-1C5A-45C0-9E5F-91FAA929B14F}.Release|Any CPU.ActiveCfg = Release|Any CPU
		{8AB667D2-1C5A-45C0-9E5F-91FAA929B14F}.Release|Any CPU.Build.0 = Release|Any CPU
		{02948A05-934F-4662-85F7-DCCAA6D183D7}.Debug|Any CPU.ActiveCfg = Debug|Any CPU
		{02948A05-934F-4662-85F7-DCCAA6D183D7}.Debug|Any CPU.Build.0 = Debug|Any CPU
		{02948A05-934F-4662-85F7-DCCAA6D183D7}.Release|Any CPU.ActiveCfg = Release|Any CPU
		{02948A05-934F-4662-85F7-DCCAA6D183D7}.Release|Any CPU.Build.0 = Release|Any CPU
		{0FC9704C-E8DA-42AE-BF56-C380F1AB4DB1}.Debug|Any CPU.ActiveCfg = Debug|Any CPU
		{0FC9704C-E8DA-42AE-BF56-C380F1AB4DB1}.Debug|Any CPU.Build.0 = Debug|Any CPU
		{0FC9704C-E8DA-42AE-BF56-C380F1AB4DB1}.Release|Any CPU.ActiveCfg = Release|Any CPU
		{0FC9704C-E8DA-42AE-BF56-C380F1AB4DB1}.Release|Any CPU.Build.0 = Release|Any CPU
		{7451F4AA-45FB-4575-9527-862B2038FB3D}.Debug|Any CPU.ActiveCfg = Debug|Any CPU
		{7451F4AA-45FB-4575-9527-862B2038FB3D}.Debug|Any CPU.Build.0 = Debug|Any CPU
		{7451F4AA-45FB-4575-9527-862B2038FB3D}.Release|Any CPU.ActiveCfg = Release|Any CPU
		{7451F4AA-45FB-4575-9527-862B2038FB3D}.Release|Any CPU.Build.0 = Release|Any CPU
		{55065091-27F7-40C2-833F-32C48A149AEB}.Debug|Any CPU.ActiveCfg = Debug|Any CPU
		{55065091-27F7-40C2-833F-32C48A149AEB}.Debug|Any CPU.Build.0 = Debug|Any CPU
		{55065091-27F7-40C2-833F-32C48A149AEB}.Release|Any CPU.ActiveCfg = Release|Any CPU
		{55065091-27F7-40C2-833F-32C48A149AEB}.Release|Any CPU.Build.0 = Release|Any CPU
	EndGlobalSection
	GlobalSection(SolutionProperties) = preSolution
		HideSolutionNode = FALSE
	EndGlobalSection
	GlobalSection(ExtensibilityGlobals) = postSolution
		SolutionGuid = {E6A09DE0-E55E-4121-B0CF-8508FBB585AD}
	EndGlobalSection
EndGlobal
